
Microsoft Visual Studio Solution File, Format Version 12.00
# Visual Studio 15
VisualStudioVersion = 15.0.26730.8
MinimumVisualStudioVersion = 10.0.40219.1
Project("{FAE04EC0-301F-11D3-BF4B-00C04F79EFBC}") = "knockout-dev-environment", "knockout-dev-environment\knockout-dev-environment.csproj", "{F3AEA28B-87A9-444B-9AC1-383133E6AECC}"
EndProject
Project("{FAE04EC0-301F-11D3-BF4B-00C04F79EFBC}") = "knockout-dev-environment.Tests", "knockout-dev-environment.Tests\knockout-dev-environment.Tests.csproj", "{45B2DE4A-A899-490E-8518-BE7BC9081E11}"
EndProject
Global
	GlobalSection(SolutionConfigurationPlatforms) = preSolution
		Debug|Any CPU = Debug|Any CPU
		Release|Any CPU = Release|Any CPU
	EndGlobalSection
	GlobalSection(ProjectConfigurationPlatforms) = postSolution
		{F3AEA28B-87A9-444B-9AC1-383133E6AECC}.Debug|Any CPU.ActiveCfg = Debug|Any CPU
		{F3AEA28B-87A9-444B-9AC1-383133E6AECC}.Debug|Any CPU.Build.0 = Debug|Any CPU
		{F3AEA28B-87A9-444B-9AC1-383133E6AECC}.Release|Any CPU.ActiveCfg = Release|Any CPU
		{F3AEA28B-87A9-444B-9AC1-383133E6AECC}.Release|Any CPU.Build.0 = Release|Any CPU
		{45B2DE4A-A899-490E-8518-BE7BC9081E11}.Debug|Any CPU.ActiveCfg = Debug|Any CPU
		{45B2DE4A-A899-490E-8518-BE7BC9081E11}.Debug|Any CPU.Build.0 = Debug|Any CPU
		{45B2DE4A-A899-490E-8518-BE7BC9081E11}.Release|Any CPU.ActiveCfg = Release|Any CPU
		{45B2DE4A-A899-490E-8518-BE7BC9081E11}.Release|Any CPU.Build.0 = Release|Any CPU
	EndGlobalSection
	GlobalSection(SolutionProperties) = preSolution
		HideSolutionNode = FALSE
	EndGlobalSection
	GlobalSection(ExtensibilityGlobals) = postSolution
		SolutionGuid = {A31D724A-7999-402A-9645-78F73D73A96C}
	EndGlobalSection
EndGlobal
